
Microsoft Visual Studio Solution File, Format Version 12.00
# Visual Studio Version 16
VisualStudioVersion = 16.6.30114.105
MinimumVisualStudioVersion = 10.0.40219.1
Project("{2150E333-8FDC-42A3-9474-1A3956D46DE8}") = "src", "src", "{161FD9B0-427F-4DAE-AAEC-9C5A166A977C}"
EndProject
Project("{2150E333-8FDC-42A3-9474-1A3956D46DE8}") = "API", "API", "{F9813DBC-E3A6-4ABC-BBC8-C7290EE775BD}"
EndProject
Project("{9A19103F-16F7-4668-BE54-9A1E7A4F7556}") = "TradeTracker.Api", "src\API\TradeTracker.Api\TradeTracker.Api.csproj", "{650F50E0-AC04-467F-8D5E-F491F518F175}"
EndProject
Project("{2150E333-8FDC-42A3-9474-1A3956D46DE8}") = "Infrastructure", "Infrastructure", "{9B0E6D88-8F9A-490C-BEDF-3FDD867CDFF8}"
EndProject
Project("{9A19103F-16F7-4668-BE54-9A1E7A4F7556}") = "TradeTracker.Infrastructure", "src\Infrastructure\TradeTracker.Infrastructure\TradeTracker.Infrastructure.csproj", "{3CC520EC-6BFE-4496-8F31-707E0FE92EDE}"
EndProject
Project("{9A19103F-16F7-4668-BE54-9A1E7A4F7556}") = "TradeTracker.Persistence", "src\Infrastructure\TradeTracker.Persistence\TradeTracker.Persistence.csproj", "{A91EBE0C-3EA4-4F3D-AAE6-F5AC36E53CA3}"
EndProject
Project("{9A19103F-16F7-4668-BE54-9A1E7A4F7556}") = "TradeTracker.Identity", "src\Infrastructure\TradeTracker.Identity\TradeTracker.Identity.csproj", "{2119EB01-93AC-46B7-8432-1A4520D77E35}"
EndProject
Project("{2150E333-8FDC-42A3-9474-1A3956D46DE8}") = "Core", "Core", "{DBCEA3C9-EC8A-44F7-B8EB-885AF5B476F0}"
EndProject
Project("{9A19103F-16F7-4668-BE54-9A1E7A4F7556}") = "TradeTracker.Application", "src\Core\TradeTracker.Application\TradeTracker.Application.csproj", "{64C366E3-6EC3-4839-9AE4-B5A33BE9B598}"
EndProject
Project("{9A19103F-16F7-4668-BE54-9A1E7A4F7556}") = "TradeTracker.Domain", "src\Core\TradeTracker.Domain\TradeTracker.Domain.csproj", "{AC9E4A22-8F4E-4635-B6A9-749C928F28EF}"
EndProject
Project("{2150E333-8FDC-42A3-9474-1A3956D46DE8}") = "test", "test", "{024FBF65-44C9-4ADD-8169-4AEFEDB06A74}"
EndProject
Project("{9A19103F-16F7-4668-BE54-9A1E7A4F7556}") = "TradeTracker.Application.UnitTests", "test\TradeTracker.Application.UnitTests\TradeTracker.Application.UnitTests.csproj", "{DFE03CED-CF8C-4851-AFDA-0FD83352F40C}"
EndProject
Project("{9A19103F-16F7-4668-BE54-9A1E7A4F7556}") = "TradeTracker.Domain.UnitTests", "test\TradeTracker.Domain.UnitTests\TradeTracker.Domain.UnitTests.csproj", "{9A967F8C-EA28-4F6F-BD03-EDCA5E3A4CC5}"
EndProject
Global
	GlobalSection(SolutionConfigurationPlatforms) = preSolution
		Debug|Any CPU = Debug|Any CPU
		Debug|x64 = Debug|x64
		Debug|x86 = Debug|x86
		Release|Any CPU = Release|Any CPU
		Release|x64 = Release|x64
		Release|x86 = Release|x86
	EndGlobalSection
	GlobalSection(ProjectConfigurationPlatforms) = postSolution
		{650F50E0-AC04-467F-8D5E-F491F518F175}.Debug|Any CPU.ActiveCfg = Debug|Any CPU
		{650F50E0-AC04-467F-8D5E-F491F518F175}.Debug|Any CPU.Build.0 = Debug|Any CPU
		{650F50E0-AC04-467F-8D5E-F491F518F175}.Debug|x64.ActiveCfg = Debug|Any CPU
		{650F50E0-AC04-467F-8D5E-F491F518F175}.Debug|x64.Build.0 = Debug|Any CPU
		{650F50E0-AC04-467F-8D5E-F491F518F175}.Debug|x86.ActiveCfg = Debug|Any CPU
		{650F50E0-AC04-467F-8D5E-F491F518F175}.Debug|x86.Build.0 = Debug|Any CPU
		{650F50E0-AC04-467F-8D5E-F491F518F175}.Release|Any CPU.ActiveCfg = Release|Any CPU
		{650F50E0-AC04-467F-8D5E-F491F518F175}.Release|Any CPU.Build.0 = Release|Any CPU
		{650F50E0-AC04-467F-8D5E-F491F518F175}.Release|x64.ActiveCfg = Release|Any CPU
		{650F50E0-AC04-467F-8D5E-F491F518F175}.Release|x64.Build.0 = Release|Any CPU
		{650F50E0-AC04-467F-8D5E-F491F518F175}.Release|x86.ActiveCfg = Release|Any CPU
		{650F50E0-AC04-467F-8D5E-F491F518F175}.Release|x86.Build.0 = Release|Any CPU
		{3CC520EC-6BFE-4496-8F31-707E0FE92EDE}.Debug|Any CPU.ActiveCfg = Debug|Any CPU
		{3CC520EC-6BFE-4496-8F31-707E0FE92EDE}.Debug|Any CPU.Build.0 = Debug|Any CPU
		{3CC520EC-6BFE-4496-8F31-707E0FE92EDE}.Debug|x64.ActiveCfg = Debug|Any CPU
		{3CC520EC-6BFE-4496-8F31-707E0FE92EDE}.Debug|x64.Build.0 = Debug|Any CPU
		{3CC520EC-6BFE-4496-8F31-707E0FE92EDE}.Debug|x86.ActiveCfg = Debug|Any CPU
		{3CC520EC-6BFE-4496-8F31-707E0FE92EDE}.Debug|x86.Build.0 = Debug|Any CPU
		{3CC520EC-6BFE-4496-8F31-707E0FE92EDE}.Release|Any CPU.ActiveCfg = Release|Any CPU
		{3CC520EC-6BFE-4496-8F31-707E0FE92EDE}.Release|Any CPU.Build.0 = Release|Any CPU
		{3CC520EC-6BFE-4496-8F31-707E0FE92EDE}.Release|x64.ActiveCfg = Release|Any CPU
		{3CC520EC-6BFE-4496-8F31-707E0FE92EDE}.Release|x64.Build.0 = Release|Any CPU
		{3CC520EC-6BFE-4496-8F31-707E0FE92EDE}.Release|x86.ActiveCfg = Release|Any CPU
		{3CC520EC-6BFE-4496-8F31-707E0FE92EDE}.Release|x86.Build.0 = Release|Any CPU
		{A91EBE0C-3EA4-4F3D-AAE6-F5AC36E53CA3}.Debug|Any CPU.ActiveCfg = Debug|Any CPU
		{A91EBE0C-3EA4-4F3D-AAE6-F5AC36E53CA3}.Debug|Any CPU.Build.0 = Debug|Any CPU
		{A91EBE0C-3EA4-4F3D-AAE6-F5AC36E53CA3}.Debug|x64.ActiveCfg = Debug|Any CPU
		{A91EBE0C-3EA4-4F3D-AAE6-F5AC36E53CA3}.Debug|x64.Build.0 = Debug|Any CPU
		{A91EBE0C-3EA4-4F3D-AAE6-F5AC36E53CA3}.Debug|x86.ActiveCfg = Debug|Any CPU
		{A91EBE0C-3EA4-4F3D-AAE6-F5AC36E53CA3}.Debug|x86.Build.0 = Debug|Any CPU
		{A91EBE0C-3EA4-4F3D-AAE6-F5AC36E53CA3}.Release|Any CPU.ActiveCfg = Release|Any CPU
		{A91EBE0C-3EA4-4F3D-AAE6-F5AC36E53CA3}.Release|Any CPU.Build.0 = Release|Any CPU
		{A91EBE0C-3EA4-4F3D-AAE6-F5AC36E53CA3}.Release|x64.ActiveCfg = Release|Any CPU
		{A91EBE0C-3EA4-4F3D-AAE6-F5AC36E53CA3}.Release|x64.Build.0 = Release|Any CPU
		{A91EBE0C-3EA4-4F3D-AAE6-F5AC36E53CA3}.Release|x86.ActiveCfg = Release|Any CPU
		{A91EBE0C-3EA4-4F3D-AAE6-F5AC36E53CA3}.Release|x86.Build.0 = Release|Any CPU
		{2119EB01-93AC-46B7-8432-1A4520D77E35}.Debug|Any CPU.ActiveCfg = Debug|Any CPU
		{2119EB01-93AC-46B7-8432-1A4520D77E35}.Debug|Any CPU.Build.0 = Debug|Any CPU
		{2119EB01-93AC-46B7-8432-1A4520D77E35}.Debug|x64.ActiveCfg = Debug|Any CPU
		{2119EB01-93AC-46B7-8432-1A4520D77E35}.Debug|x64.Build.0 = Debug|Any CPU
		{2119EB01-93AC-46B7-8432-1A4520D77E35}.Debug|x86.ActiveCfg = Debug|Any CPU
		{2119EB01-93AC-46B7-8432-1A4520D77E35}.Debug|x86.Build.0 = Debug|Any CPU
		{2119EB01-93AC-46B7-8432-1A4520D77E35}.Release|Any CPU.ActiveCfg = Release|Any CPU
		{2119EB01-93AC-46B7-8432-1A4520D77E35}.Release|Any CPU.Build.0 = Release|Any CPU
		{2119EB01-93AC-46B7-8432-1A4520D77E35}.Release|x64.ActiveCfg = Release|Any CPU
		{2119EB01-93AC-46B7-8432-1A4520D77E35}.Release|x64.Build.0 = Release|Any CPU
		{2119EB01-93AC-46B7-8432-1A4520D77E35}.Release|x86.ActiveCfg = Release|Any CPU
		{2119EB01-93AC-46B7-8432-1A4520D77E35}.Release|x86.Build.0 = Release|Any CPU
		{64C366E3-6EC3-4839-9AE4-B5A33BE9B598}.Debug|Any CPU.ActiveCfg = Debug|Any CPU
		{64C366E3-6EC3-4839-9AE4-B5A33BE9B598}.Debug|Any CPU.Build.0 = Debug|Any CPU
		{64C366E3-6EC3-4839-9AE4-B5A33BE9B598}.Debug|x64.ActiveCfg = Debug|Any CPU
		{64C366E3-6EC3-4839-9AE4-B5A33BE9B598}.Debug|x64.Build.0 = Debug|Any CPU
		{64C366E3-6EC3-4839-9AE4-B5A33BE9B598}.Debug|x86.ActiveCfg = Debug|Any CPU
		{64C366E3-6EC3-4839-9AE4-B5A33BE9B598}.Debug|x86.Build.0 = Debug|Any CPU
		{64C366E3-6EC3-4839-9AE4-B5A33BE9B598}.Release|Any CPU.ActiveCfg = Release|Any CPU
		{64C366E3-6EC3-4839-9AE4-B5A33BE9B598}.Release|Any CPU.Build.0 = Release|Any CPU
		{64C366E3-6EC3-4839-9AE4-B5A33BE9B598}.Release|x64.ActiveCfg = Release|Any CPU
		{64C366E3-6EC3-4839-9AE4-B5A33BE9B598}.Release|x64.Build.0 = Release|Any CPU
		{64C366E3-6EC3-4839-9AE4-B5A33BE9B598}.Release|x86.ActiveCfg = Release|Any CPU
		{64C366E3-6EC3-4839-9AE4-B5A33BE9B598}.Release|x86.Build.0 = Release|Any CPU
		{AC9E4A22-8F4E-4635-B6A9-749C928F28EF}.Debug|Any CPU.ActiveCfg = Debug|Any CPU
		{AC9E4A22-8F4E-4635-B6A9-749C928F28EF}.Debug|Any CPU.Build.0 = Debug|Any CPU
		{AC9E4A22-8F4E-4635-B6A9-749C928F28EF}.Debug|x64.ActiveCfg = Debug|Any CPU
		{AC9E4A22-8F4E-4635-B6A9-749C928F28EF}.Debug|x64.Build.0 = Debug|Any CPU
		{AC9E4A22-8F4E-4635-B6A9-749C928F28EF}.Debug|x86.ActiveCfg = Debug|Any CPU
		{AC9E4A22-8F4E-4635-B6A9-749C928F28EF}.Debug|x86.Build.0 = Debug|Any CPU
		{AC9E4A22-8F4E-4635-B6A9-749C928F28EF}.Release|Any CPU.ActiveCfg = Release|Any CPU
		{AC9E4A22-8F4E-4635-B6A9-749C928F28EF}.Release|Any CPU.Build.0 = Release|Any CPU
		{AC9E4A22-8F4E-4635-B6A9-749C928F28EF}.Release|x64.ActiveCfg = Release|Any CPU
		{AC9E4A22-8F4E-4635-B6A9-749C928F28EF}.Release|x64.Build.0 = Release|Any CPU
		{AC9E4A22-8F4E-4635-B6A9-749C928F28EF}.Release|x86.ActiveCfg = Release|Any CPU
		{AC9E4A22-8F4E-4635-B6A9-749C928F28EF}.Release|x86.Build.0 = Release|Any CPU
		{DFE03CED-CF8C-4851-AFDA-0FD83352F40C}.Debug|Any CPU.ActiveCfg = Debug|Any CPU
		{DFE03CED-CF8C-4851-AFDA-0FD83352F40C}.Debug|Any CPU.Build.0 = Debug|Any CPU
		{DFE03CED-CF8C-4851-AFDA-0FD83352F40C}.Debug|x64.ActiveCfg = Debug|Any CPU
		{DFE03CED-CF8C-4851-AFDA-0FD83352F40C}.Debug|x64.Build.0 = Debug|Any CPU
		{DFE03CED-CF8C-4851-AFDA-0FD83352F40C}.Debug|x86.ActiveCfg = Debug|Any CPU
		{DFE03CED-CF8C-4851-AFDA-0FD83352F40C}.Debug|x86.Build.0 = Debug|Any CPU
		{DFE03CED-CF8C-4851-AFDA-0FD83352F40C}.Release|Any CPU.ActiveCfg = Release|Any CPU
		{DFE03CED-CF8C-4851-AFDA-0FD83352F40C}.Release|Any CPU.Build.0 = Release|Any CPU
		{DFE03CED-CF8C-4851-AFDA-0FD83352F40C}.Release|x64.ActiveCfg = Release|Any CPU
		{DFE03CED-CF8C-4851-AFDA-0FD83352F40C}.Release|x64.Build.0 = Release|Any CPU
		{DFE03CED-CF8C-4851-AFDA-0FD83352F40C}.Release|x86.ActiveCfg = Release|Any CPU
		{DFE03CED-CF8C-4851-AFDA-0FD83352F40C}.Release|x86.Build.0 = Release|Any CPU
		{9A967F8C-EA28-4F6F-BD03-EDCA5E3A4CC5}.Debug|Any CPU.ActiveCfg = Debug|Any CPU
		{9A967F8C-EA28-4F6F-BD03-EDCA5E3A4CC5}.Debug|Any CPU.Build.0 = Debug|Any CPU
		{9A967F8C-EA28-4F6F-BD03-EDCA5E3A4CC5}.Debug|x64.ActiveCfg = Debug|Any CPU
		{9A967F8C-EA28-4F6F-BD03-EDCA5E3A4CC5}.Debug|x64.Build.0 = Debug|Any CPU
		{9A967F8C-EA28-4F6F-BD03-EDCA5E3A4CC5}.Debug|x86.ActiveCfg = Debug|Any CPU
		{9A967F8C-EA28-4F6F-BD03-EDCA5E3A4CC5}.Debug|x86.Build.0 = Debug|Any CPU
		{9A967F8C-EA28-4F6F-BD03-EDCA5E3A4CC5}.Release|Any CPU.ActiveCfg = Release|Any CPU
		{9A967F8C-EA28-4F6F-BD03-EDCA5E3A4CC5}.Release|Any CPU.Build.0 = Release|Any CPU
		{9A967F8C-EA28-4F6F-BD03-EDCA5E3A4CC5}.Release|x64.ActiveCfg = Release|Any CPU
		{9A967F8C-EA28-4F6F-BD03-EDCA5E3A4CC5}.Release|x64.Build.0 = Release|Any CPU
		{9A967F8C-EA28-4F6F-BD03-EDCA5E3A4CC5}.Release|x86.ActiveCfg = Release|Any CPU
		{9A967F8C-EA28-4F6F-BD03-EDCA5E3A4CC5}.Release|x86.Build.0 = Release|Any CPU
	EndGlobalSection
	GlobalSection(SolutionProperties) = preSolution
		HideSolutionNode = FALSE
	EndGlobalSection
	GlobalSection(NestedProjects) = preSolution
		{F9813DBC-E3A6-4ABC-BBC8-C7290EE775BD} = {161FD9B0-427F-4DAE-AAEC-9C5A166A977C}
		{650F50E0-AC04-467F-8D5E-F491F518F175} = {F9813DBC-E3A6-4ABC-BBC8-C7290EE775BD}
		{9B0E6D88-8F9A-490C-BEDF-3FDD867CDFF8} = {161FD9B0-427F-4DAE-AAEC-9C5A166A977C}
		{3CC520EC-6BFE-4496-8F31-707E0FE92EDE} = {9B0E6D88-8F9A-490C-BEDF-3FDD867CDFF8}
		{A91EBE0C-3EA4-4F3D-AAE6-F5AC36E53CA3} = {9B0E6D88-8F9A-490C-BEDF-3FDD867CDFF8}
		{2119EB01-93AC-46B7-8432-1A4520D77E35} = {9B0E6D88-8F9A-490C-BEDF-3FDD867CDFF8}
		{DBCEA3C9-EC8A-44F7-B8EB-885AF5B476F0} = {161FD9B0-427F-4DAE-AAEC-9C5A166A977C}
		{64C366E3-6EC3-4839-9AE4-B5A33BE9B598} = {DBCEA3C9-EC8A-44F7-B8EB-885AF5B476F0}
		{AC9E4A22-8F4E-4635-B6A9-749C928F28EF} = {DBCEA3C9-EC8A-44F7-B8EB-885AF5B476F0}
		{DFE03CED-CF8C-4851-AFDA-0FD83352F40C} = {024FBF65-44C9-4ADD-8169-4AEFEDB06A74}
		{9A967F8C-EA28-4F6F-BD03-EDCA5E3A4CC5} = {024FBF65-44C9-4ADD-8169-4AEFEDB06A74}
	EndGlobalSection
	GlobalSection(ExtensibilityGlobals) = postSolution
		SolutionGuid = {A56CB5C9-671C-44CB-B107-98520A8A8CF0}
	EndGlobalSection
EndGlobal
