
Microsoft Visual Studio Solution File, Format Version 12.00
# Visual Studio 15
VisualStudioVersion = 15.0.26124.0
MinimumVisualStudioVersion = 15.0.26124.0
Project("{FAE04EC0-301F-11D3-BF4B-00C04F79EFBC}") = "Api", "src\API\TradeTracker.Api\TradeTracker.Api.csproj", "{71BC7A6B-2512-46CD-9EA8-84F5D8F4B10A}"
EndProject
Project("{FAE04EC0-301F-11D3-BF4B-00C04F79EFBC}") = "Application", "src\Core\TradeTracker.Application\TradeTracker.Application.csproj", "{701C94B8-7240-4E1A-BD6E-A36DC652032B}"
EndProject
Project("{FAE04EC0-301F-11D3-BF4B-00C04F79EFBC}") = "Domain", "src\Core\TradeTracker.Domain\TradeTracker.Domain.csproj", "{E8BFC6A1-22AF-41B5-B90F-B8C0B94076DC}"
EndProject
Project("{FAE04EC0-301F-11D3-BF4B-00C04F79EFBC}") = "Identity", "src\Infrastructure\TradeTracker.Identity\TradeTracker.Identity.csproj", "{3B41A41D-70E1-417E-A2EF-4B97EAFB2015}"
EndProject
Project("{FAE04EC0-301F-11D3-BF4B-00C04F79EFBC}") = "Persistence", "src\Infrastructure\TradeTracker.Persistence\TradeTracker.Persistence.csproj", "{E2C162C1-6A66-4049-8F5E-A0E7697769F3}"
EndProject
Project("{FAE04EC0-301F-11D3-BF4B-00C04F79EFBC}") = "Infrastructure", "src\Infrastructure\TradeTracker.Infrastructure\TradeTracker.Infrastructure.csproj", "{90D01548-AC39-4C3A-99DF-DC4B697AB265}"
EndProject
Project("{FAE04EC0-301F-11D3-BF4B-00C04F79EFBC}") = "TradeTracker.Application.UnitTests", "test\TradeTracker.Application.UnitTests\TradeTracker.Application.UnitTests.csproj", "{A5CD50A6-4780-40B1-8E84-1425FB0D5B12}"
EndProject
Project("{2150E333-8FDC-42A3-9474-1A3956D46DE8}") = "test", "test", "{9A99C7C0-66AE-49B5-9F73-A7ABE5A68889}"
EndProject
Project("{FAE04EC0-301F-11D3-BF4B-00C04F79EFBC}") = "TradeTracker.Domain.UnitTests", "test\TradeTracker.Domain.UnitTests\TradeTracker.Domain.UnitTests.csproj", "{1CF65945-9A44-4EE3-871D-F77D574927B5}"
EndProject
Global
	GlobalSection(SolutionConfigurationPlatforms) = preSolution
		Debug|Any CPU = Debug|Any CPU
		Debug|x64 = Debug|x64
		Debug|x86 = Debug|x86
		Release|Any CPU = Release|Any CPU
		Release|x64 = Release|x64
		Release|x86 = Release|x86
	EndGlobalSection
	GlobalSection(SolutionProperties) = preSolution
		HideSolutionNode = FALSE
	EndGlobalSection
	GlobalSection(ProjectConfigurationPlatforms) = postSolution
		{71BC7A6B-2512-46CD-9EA8-84F5D8F4B10A}.Debug|Any CPU.ActiveCfg = Debug|Any CPU
		{71BC7A6B-2512-46CD-9EA8-84F5D8F4B10A}.Debug|Any CPU.Build.0 = Debug|Any CPU
		{71BC7A6B-2512-46CD-9EA8-84F5D8F4B10A}.Debug|x64.ActiveCfg = Debug|Any CPU
		{71BC7A6B-2512-46CD-9EA8-84F5D8F4B10A}.Debug|x64.Build.0 = Debug|Any CPU
		{71BC7A6B-2512-46CD-9EA8-84F5D8F4B10A}.Debug|x86.ActiveCfg = Debug|Any CPU
		{71BC7A6B-2512-46CD-9EA8-84F5D8F4B10A}.Debug|x86.Build.0 = Debug|Any CPU
		{71BC7A6B-2512-46CD-9EA8-84F5D8F4B10A}.Release|Any CPU.ActiveCfg = Release|Any CPU
		{71BC7A6B-2512-46CD-9EA8-84F5D8F4B10A}.Release|Any CPU.Build.0 = Release|Any CPU
		{71BC7A6B-2512-46CD-9EA8-84F5D8F4B10A}.Release|x64.ActiveCfg = Release|Any CPU
		{71BC7A6B-2512-46CD-9EA8-84F5D8F4B10A}.Release|x64.Build.0 = Release|Any CPU
		{71BC7A6B-2512-46CD-9EA8-84F5D8F4B10A}.Release|x86.ActiveCfg = Release|Any CPU
		{71BC7A6B-2512-46CD-9EA8-84F5D8F4B10A}.Release|x86.Build.0 = Release|Any CPU
		{701C94B8-7240-4E1A-BD6E-A36DC652032B}.Debug|Any CPU.ActiveCfg = Debug|Any CPU
		{701C94B8-7240-4E1A-BD6E-A36DC652032B}.Debug|Any CPU.Build.0 = Debug|Any CPU
		{701C94B8-7240-4E1A-BD6E-A36DC652032B}.Debug|x64.ActiveCfg = Debug|Any CPU
		{701C94B8-7240-4E1A-BD6E-A36DC652032B}.Debug|x64.Build.0 = Debug|Any CPU
		{701C94B8-7240-4E1A-BD6E-A36DC652032B}.Debug|x86.ActiveCfg = Debug|Any CPU
		{701C94B8-7240-4E1A-BD6E-A36DC652032B}.Debug|x86.Build.0 = Debug|Any CPU
		{701C94B8-7240-4E1A-BD6E-A36DC652032B}.Release|Any CPU.ActiveCfg = Release|Any CPU
		{701C94B8-7240-4E1A-BD6E-A36DC652032B}.Release|Any CPU.Build.0 = Release|Any CPU
		{701C94B8-7240-4E1A-BD6E-A36DC652032B}.Release|x64.ActiveCfg = Release|Any CPU
		{701C94B8-7240-4E1A-BD6E-A36DC652032B}.Release|x64.Build.0 = Release|Any CPU
		{701C94B8-7240-4E1A-BD6E-A36DC652032B}.Release|x86.ActiveCfg = Release|Any CPU
		{701C94B8-7240-4E1A-BD6E-A36DC652032B}.Release|x86.Build.0 = Release|Any CPU
		{E8BFC6A1-22AF-41B5-B90F-B8C0B94076DC}.Debug|Any CPU.ActiveCfg = Debug|Any CPU
		{E8BFC6A1-22AF-41B5-B90F-B8C0B94076DC}.Debug|Any CPU.Build.0 = Debug|Any CPU
		{E8BFC6A1-22AF-41B5-B90F-B8C0B94076DC}.Debug|x64.ActiveCfg = Debug|Any CPU
		{E8BFC6A1-22AF-41B5-B90F-B8C0B94076DC}.Debug|x64.Build.0 = Debug|Any CPU
		{E8BFC6A1-22AF-41B5-B90F-B8C0B94076DC}.Debug|x86.ActiveCfg = Debug|Any CPU
		{E8BFC6A1-22AF-41B5-B90F-B8C0B94076DC}.Debug|x86.Build.0 = Debug|Any CPU
		{E8BFC6A1-22AF-41B5-B90F-B8C0B94076DC}.Release|Any CPU.ActiveCfg = Release|Any CPU
		{E8BFC6A1-22AF-41B5-B90F-B8C0B94076DC}.Release|Any CPU.Build.0 = Release|Any CPU
		{E8BFC6A1-22AF-41B5-B90F-B8C0B94076DC}.Release|x64.ActiveCfg = Release|Any CPU
		{E8BFC6A1-22AF-41B5-B90F-B8C0B94076DC}.Release|x64.Build.0 = Release|Any CPU
		{E8BFC6A1-22AF-41B5-B90F-B8C0B94076DC}.Release|x86.ActiveCfg = Release|Any CPU
		{E8BFC6A1-22AF-41B5-B90F-B8C0B94076DC}.Release|x86.Build.0 = Release|Any CPU
		{3B41A41D-70E1-417E-A2EF-4B97EAFB2015}.Debug|Any CPU.ActiveCfg = Debug|Any CPU
		{3B41A41D-70E1-417E-A2EF-4B97EAFB2015}.Debug|Any CPU.Build.0 = Debug|Any CPU
		{3B41A41D-70E1-417E-A2EF-4B97EAFB2015}.Debug|x64.ActiveCfg = Debug|Any CPU
		{3B41A41D-70E1-417E-A2EF-4B97EAFB2015}.Debug|x64.Build.0 = Debug|Any CPU
		{3B41A41D-70E1-417E-A2EF-4B97EAFB2015}.Debug|x86.ActiveCfg = Debug|Any CPU
		{3B41A41D-70E1-417E-A2EF-4B97EAFB2015}.Debug|x86.Build.0 = Debug|Any CPU
		{3B41A41D-70E1-417E-A2EF-4B97EAFB2015}.Release|Any CPU.ActiveCfg = Release|Any CPU
		{3B41A41D-70E1-417E-A2EF-4B97EAFB2015}.Release|Any CPU.Build.0 = Release|Any CPU
		{3B41A41D-70E1-417E-A2EF-4B97EAFB2015}.Release|x64.ActiveCfg = Release|Any CPU
		{3B41A41D-70E1-417E-A2EF-4B97EAFB2015}.Release|x64.Build.0 = Release|Any CPU
		{3B41A41D-70E1-417E-A2EF-4B97EAFB2015}.Release|x86.ActiveCfg = Release|Any CPU
		{3B41A41D-70E1-417E-A2EF-4B97EAFB2015}.Release|x86.Build.0 = Release|Any CPU
		{E2C162C1-6A66-4049-8F5E-A0E7697769F3}.Debug|Any CPU.ActiveCfg = Debug|Any CPU
		{E2C162C1-6A66-4049-8F5E-A0E7697769F3}.Debug|Any CPU.Build.0 = Debug|Any CPU
		{E2C162C1-6A66-4049-8F5E-A0E7697769F3}.Debug|x64.ActiveCfg = Debug|Any CPU
		{E2C162C1-6A66-4049-8F5E-A0E7697769F3}.Debug|x64.Build.0 = Debug|Any CPU
		{E2C162C1-6A66-4049-8F5E-A0E7697769F3}.Debug|x86.ActiveCfg = Debug|Any CPU
		{E2C162C1-6A66-4049-8F5E-A0E7697769F3}.Debug|x86.Build.0 = Debug|Any CPU
		{E2C162C1-6A66-4049-8F5E-A0E7697769F3}.Release|Any CPU.ActiveCfg = Release|Any CPU
		{E2C162C1-6A66-4049-8F5E-A0E7697769F3}.Release|Any CPU.Build.0 = Release|Any CPU
		{E2C162C1-6A66-4049-8F5E-A0E7697769F3}.Release|x64.ActiveCfg = Release|Any CPU
		{E2C162C1-6A66-4049-8F5E-A0E7697769F3}.Release|x64.Build.0 = Release|Any CPU
		{E2C162C1-6A66-4049-8F5E-A0E7697769F3}.Release|x86.ActiveCfg = Release|Any CPU
		{E2C162C1-6A66-4049-8F5E-A0E7697769F3}.Release|x86.Build.0 = Release|Any CPU
		{90D01548-AC39-4C3A-99DF-DC4B697AB265}.Debug|Any CPU.ActiveCfg = Debug|Any CPU
		{90D01548-AC39-4C3A-99DF-DC4B697AB265}.Debug|Any CPU.Build.0 = Debug|Any CPU
		{90D01548-AC39-4C3A-99DF-DC4B697AB265}.Debug|x64.ActiveCfg = Debug|Any CPU
		{90D01548-AC39-4C3A-99DF-DC4B697AB265}.Debug|x64.Build.0 = Debug|Any CPU
		{90D01548-AC39-4C3A-99DF-DC4B697AB265}.Debug|x86.ActiveCfg = Debug|Any CPU
		{90D01548-AC39-4C3A-99DF-DC4B697AB265}.Debug|x86.Build.0 = Debug|Any CPU
		{90D01548-AC39-4C3A-99DF-DC4B697AB265}.Release|Any CPU.ActiveCfg = Release|Any CPU
		{90D01548-AC39-4C3A-99DF-DC4B697AB265}.Release|Any CPU.Build.0 = Release|Any CPU
		{90D01548-AC39-4C3A-99DF-DC4B697AB265}.Release|x64.ActiveCfg = Release|Any CPU
		{90D01548-AC39-4C3A-99DF-DC4B697AB265}.Release|x64.Build.0 = Release|Any CPU
		{90D01548-AC39-4C3A-99DF-DC4B697AB265}.Release|x86.ActiveCfg = Release|Any CPU
		{90D01548-AC39-4C3A-99DF-DC4B697AB265}.Release|x86.Build.0 = Release|Any CPU
		{A5CD50A6-4780-40B1-8E84-1425FB0D5B12}.Debug|Any CPU.ActiveCfg = Debug|Any CPU
		{A5CD50A6-4780-40B1-8E84-1425FB0D5B12}.Debug|Any CPU.Build.0 = Debug|Any CPU
		{A5CD50A6-4780-40B1-8E84-1425FB0D5B12}.Debug|x64.ActiveCfg = Debug|Any CPU
		{A5CD50A6-4780-40B1-8E84-1425FB0D5B12}.Debug|x64.Build.0 = Debug|Any CPU
		{A5CD50A6-4780-40B1-8E84-1425FB0D5B12}.Debug|x86.ActiveCfg = Debug|Any CPU
		{A5CD50A6-4780-40B1-8E84-1425FB0D5B12}.Debug|x86.Build.0 = Debug|Any CPU
		{A5CD50A6-4780-40B1-8E84-1425FB0D5B12}.Release|Any CPU.ActiveCfg = Release|Any CPU
		{A5CD50A6-4780-40B1-8E84-1425FB0D5B12}.Release|Any CPU.Build.0 = Release|Any CPU
		{A5CD50A6-4780-40B1-8E84-1425FB0D5B12}.Release|x64.ActiveCfg = Release|Any CPU
		{A5CD50A6-4780-40B1-8E84-1425FB0D5B12}.Release|x64.Build.0 = Release|Any CPU
		{A5CD50A6-4780-40B1-8E84-1425FB0D5B12}.Release|x86.ActiveCfg = Release|Any CPU
		{A5CD50A6-4780-40B1-8E84-1425FB0D5B12}.Release|x86.Build.0 = Release|Any CPU
		{1CF65945-9A44-4EE3-871D-F77D574927B5}.Debug|Any CPU.ActiveCfg = Debug|Any CPU
		{1CF65945-9A44-4EE3-871D-F77D574927B5}.Debug|Any CPU.Build.0 = Debug|Any CPU
		{1CF65945-9A44-4EE3-871D-F77D574927B5}.Debug|x64.ActiveCfg = Debug|Any CPU
		{1CF65945-9A44-4EE3-871D-F77D574927B5}.Debug|x64.Build.0 = Debug|Any CPU
		{1CF65945-9A44-4EE3-871D-F77D574927B5}.Debug|x86.ActiveCfg = Debug|Any CPU
		{1CF65945-9A44-4EE3-871D-F77D574927B5}.Debug|x86.Build.0 = Debug|Any CPU
		{1CF65945-9A44-4EE3-871D-F77D574927B5}.Release|Any CPU.ActiveCfg = Release|Any CPU
		{1CF65945-9A44-4EE3-871D-F77D574927B5}.Release|Any CPU.Build.0 = Release|Any CPU
		{1CF65945-9A44-4EE3-871D-F77D574927B5}.Release|x64.ActiveCfg = Release|Any CPU
		{1CF65945-9A44-4EE3-871D-F77D574927B5}.Release|x64.Build.0 = Release|Any CPU
		{1CF65945-9A44-4EE3-871D-F77D574927B5}.Release|x86.ActiveCfg = Release|Any CPU
		{1CF65945-9A44-4EE3-871D-F77D574927B5}.Release|x86.Build.0 = Release|Any CPU
	EndGlobalSection
	GlobalSection(NestedProjects) = preSolution
		{1CF65945-9A44-4EE3-871D-F77D574927B5} = {9A99C7C0-66AE-49B5-9F73-A7ABE5A68889}
	EndGlobalSection
EndGlobal
