
Microsoft Visual Studio Solution File, Format Version 12.00
# Visual Studio 15
VisualStudioVersion = 15.0.26124.0
MinimumVisualStudioVersion = 15.0.26124.0
Project("{FAE04EC0-301F-11D3-BF4B-00C04F79EFBC}") = "Api", "src\API\TradeTracker.Api\TradeTracker.Api.csproj", "{71BC7A6B-2512-46CD-9EA8-84F5D8F4B10A}"
EndProject
Project("{FAE04EC0-301F-11D3-BF4B-00C04F79EFBC}") = "Application", "src\Core\TradeTracker.Application\TradeTracker.Application.csproj", "{701C94B8-7240-4E1A-BD6E-A36DC652032B}"
EndProject
Project("{FAE04EC0-301F-11D3-BF4B-00C04F79EFBC}") = "Domain", "src\Core\TradeTracker.Domain\TradeTracker.Domain.csproj", "{E8BFC6A1-22AF-41B5-B90F-B8C0B94076DC}"
EndProject
Project("{FAE04EC0-301F-11D3-BF4B-00C04F79EFBC}") = "Identity", "src\Infrastructure\TradeTracker.Identity\TradeTracker.Identity.csproj", "{3B41A41D-70E1-417E-A2EF-4B97EAFB2015}"
EndProject
Project("{FAE04EC0-301F-11D3-BF4B-00C04F79EFBC}") = "Persistence", "src\Infrastructure\TradeTracker.Persistence\TradeTracker.Persistence.csproj", "{E2C162C1-6A66-4049-8F5E-A0E7697769F3}"
EndProject
Project("{FAE04EC0-301F-11D3-BF4B-00C04F79EFBC}") = "Infrastructure", "src\Infrastructure\TradeTracker.Infrastructure\TradeTracker.Infrastructure.csproj", "{90D01548-AC39-4C3A-99DF-DC4B697AB265}"
EndProject
Global
	GlobalSection(SolutionConfigurationPlatforms) = preSolution
		Debug|Any CPU = Debug|Any CPU
		Debug|x64 = Debug|x64
		Debug|x86 = Debug|x86
		Release|Any CPU = Release|Any CPU
		Release|x64 = Release|x64
		Release|x86 = Release|x86
	EndGlobalSection
	GlobalSection(SolutionProperties) = preSolution
		HideSolutionNode = FALSE
	EndGlobalSection
	GlobalSection(ProjectConfigurationPlatforms) = postSolution
		{71BC7A6B-2512-46CD-9EA8-84F5D8F4B10A}.Debug|Any CPU.ActiveCfg = Debug|Any CPU
		{71BC7A6B-2512-46CD-9EA8-84F5D8F4B10A}.Debug|Any CPU.Build.0 = Debug|Any CPU
		{71BC7A6B-2512-46CD-9EA8-84F5D8F4B10A}.Debug|x64.ActiveCfg = Debug|Any CPU
		{71BC7A6B-2512-46CD-9EA8-84F5D8F4B10A}.Debug|x64.Build.0 = Debug|Any CPU
		{71BC7A6B-2512-46CD-9EA8-84F5D8F4B10A}.Debug|x86.ActiveCfg = Debug|Any CPU
		{71BC7A6B-2512-46CD-9EA8-84F5D8F4B10A}.Debug|x86.Build.0 = Debug|Any CPU
		{71BC7A6B-2512-46CD-9EA8-84F5D8F4B10A}.Release|Any CPU.ActiveCfg = Release|Any CPU
		{71BC7A6B-2512-46CD-9EA8-84F5D8F4B10A}.Release|Any CPU.Build.0 = Release|Any CPU
		{71BC7A6B-2512-46CD-9EA8-84F5D8F4B10A}.Release|x64.ActiveCfg = Release|Any CPU
		{71BC7A6B-2512-46CD-9EA8-84F5D8F4B10A}.Release|x64.Build.0 = Release|Any CPU
		{71BC7A6B-2512-46CD-9EA8-84F5D8F4B10A}.Release|x86.ActiveCfg = Release|Any CPU
		{71BC7A6B-2512-46CD-9EA8-84F5D8F4B10A}.Release|x86.Build.0 = Release|Any CPU
		{701C94B8-7240-4E1A-BD6E-A36DC652032B}.Debug|Any CPU.ActiveCfg = Debug|Any CPU
		{701C94B8-7240-4E1A-BD6E-A36DC652032B}.Debug|Any CPU.Build.0 = Debug|Any CPU
		{701C94B8-7240-4E1A-BD6E-A36DC652032B}.Debug|x64.ActiveCfg = Debug|Any CPU
		{701C94B8-7240-4E1A-BD6E-A36DC652032B}.Debug|x64.Build.0 = Debug|Any CPU
		{701C94B8-7240-4E1A-BD6E-A36DC652032B}.Debug|x86.ActiveCfg = Debug|Any CPU
		{701C94B8-7240-4E1A-BD6E-A36DC652032B}.Debug|x86.Build.0 = Debug|Any CPU
		{701C94B8-7240-4E1A-BD6E-A36DC652032B}.Release|Any CPU.ActiveCfg = Release|Any CPU
		{701C94B8-7240-4E1A-BD6E-A36DC652032B}.Release|Any CPU.Build.0 = Release|Any CPU
		{701C94B8-7240-4E1A-BD6E-A36DC652032B}.Release|x64.ActiveCfg = Release|Any CPU
		{701C94B8-7240-4E1A-BD6E-A36DC652032B}.Release|x64.Build.0 = Release|Any CPU
		{701C94B8-7240-4E1A-BD6E-A36DC652032B}.Release|x86.ActiveCfg = Release|Any CPU
		{701C94B8-7240-4E1A-BD6E-A36DC652032B}.Release|x86.Build.0 = Release|Any CPU
		{E8BFC6A1-22AF-41B5-B90F-B8C0B94076DC}.Debug|Any CPU.ActiveCfg = Debug|Any CPU
		{E8BFC6A1-22AF-41B5-B90F-B8C0B94076DC}.Debug|Any CPU.Build.0 = Debug|Any CPU
		{E8BFC6A1-22AF-41B5-B90F-B8C0B94076DC}.Debug|x64.ActiveCfg = Debug|Any CPU
		{E8BFC6A1-22AF-41B5-B90F-B8C0B94076DC}.Debug|x64.Build.0 = Debug|Any CPU
		{E8BFC6A1-22AF-41B5-B90F-B8C0B94076DC}.Debug|x86.ActiveCfg = Debug|Any CPU
		{E8BFC6A1-22AF-41B5-B90F-B8C0B94076DC}.Debug|x86.Build.0 = Debug|Any CPU
		{E8BFC6A1-22AF-41B5-B90F-B8C0B94076DC}.Release|Any CPU.ActiveCfg = Release|Any CPU
		{E8BFC6A1-22AF-41B5-B90F-B8C0B94076DC}.Release|Any CPU.Build.0 = Release|Any CPU
		{E8BFC6A1-22AF-41B5-B90F-B8C0B94076DC}.Release|x64.ActiveCfg = Release|Any CPU
		{E8BFC6A1-22AF-41B5-B90F-B8C0B94076DC}.Release|x64.Build.0 = Release|Any CPU
		{E8BFC6A1-22AF-41B5-B90F-B8C0B94076DC}.Release|x86.ActiveCfg = Release|Any CPU
		{E8BFC6A1-22AF-41B5-B90F-B8C0B94076DC}.Release|x86.Build.0 = Release|Any CPU
		{3B41A41D-70E1-417E-A2EF-4B97EAFB2015}.Debug|Any CPU.ActiveCfg = Debug|Any CPU
		{3B41A41D-70E1-417E-A2EF-4B97EAFB2015}.Debug|Any CPU.Build.0 = Debug|Any CPU
		{3B41A41D-70E1-417E-A2EF-4B97EAFB2015}.Debug|x64.ActiveCfg = Debug|Any CPU
		{3B41A41D-70E1-417E-A2EF-4B97EAFB2015}.Debug|x64.Build.0 = Debug|Any CPU
		{3B41A41D-70E1-417E-A2EF-4B97EAFB2015}.Debug|x86.ActiveCfg = Debug|Any CPU
		{3B41A41D-70E1-417E-A2EF-4B97EAFB2015}.Debug|x86.Build.0 = Debug|Any CPU
		{3B41A41D-70E1-417E-A2EF-4B97EAFB2015}.Release|Any CPU.ActiveCfg = Release|Any CPU
		{3B41A41D-70E1-417E-A2EF-4B97EAFB2015}.Release|Any CPU.Build.0 = Release|Any CPU
		{3B41A41D-70E1-417E-A2EF-4B97EAFB2015}.Release|x64.ActiveCfg = Release|Any CPU
		{3B41A41D-70E1-417E-A2EF-4B97EAFB2015}.Release|x64.Build.0 = Release|Any CPU
		{3B41A41D-70E1-417E-A2EF-4B97EAFB2015}.Release|x86.ActiveCfg = Release|Any CPU
		{3B41A41D-70E1-417E-A2EF-4B97EAFB2015}.Release|x86.Build.0 = Release|Any CPU
		{E2C162C1-6A66-4049-8F5E-A0E7697769F3}.Debug|Any CPU.ActiveCfg = Debug|Any CPU
		{E2C162C1-6A66-4049-8F5E-A0E7697769F3}.Debug|Any CPU.Build.0 = Debug|Any CPU
		{E2C162C1-6A66-4049-8F5E-A0E7697769F3}.Debug|x64.ActiveCfg = Debug|Any CPU
		{E2C162C1-6A66-4049-8F5E-A0E7697769F3}.Debug|x64.Build.0 = Debug|Any CPU
		{E2C162C1-6A66-4049-8F5E-A0E7697769F3}.Debug|x86.ActiveCfg = Debug|Any CPU
		{E2C162C1-6A66-4049-8F5E-A0E7697769F3}.Debug|x86.Build.0 = Debug|Any CPU
		{E2C162C1-6A66-4049-8F5E-A0E7697769F3}.Release|Any CPU.ActiveCfg = Release|Any CPU
		{E2C162C1-6A66-4049-8F5E-A0E7697769F3}.Release|Any CPU.Build.0 = Release|Any CPU
		{E2C162C1-6A66-4049-8F5E-A0E7697769F3}.Release|x64.ActiveCfg = Release|Any CPU
		{E2C162C1-6A66-4049-8F5E-A0E7697769F3}.Release|x64.Build.0 = Release|Any CPU
		{E2C162C1-6A66-4049-8F5E-A0E7697769F3}.Release|x86.ActiveCfg = Release|Any CPU
		{E2C162C1-6A66-4049-8F5E-A0E7697769F3}.Release|x86.Build.0 = Release|Any CPU
		{90D01548-AC39-4C3A-99DF-DC4B697AB265}.Debug|Any CPU.ActiveCfg = Debug|Any CPU
		{90D01548-AC39-4C3A-99DF-DC4B697AB265}.Debug|Any CPU.Build.0 = Debug|Any CPU
		{90D01548-AC39-4C3A-99DF-DC4B697AB265}.Debug|x64.ActiveCfg = Debug|Any CPU
		{90D01548-AC39-4C3A-99DF-DC4B697AB265}.Debug|x64.Build.0 = Debug|Any CPU
		{90D01548-AC39-4C3A-99DF-DC4B697AB265}.Debug|x86.ActiveCfg = Debug|Any CPU
		{90D01548-AC39-4C3A-99DF-DC4B697AB265}.Debug|x86.Build.0 = Debug|Any CPU
		{90D01548-AC39-4C3A-99DF-DC4B697AB265}.Release|Any CPU.ActiveCfg = Release|Any CPU
		{90D01548-AC39-4C3A-99DF-DC4B697AB265}.Release|Any CPU.Build.0 = Release|Any CPU
		{90D01548-AC39-4C3A-99DF-DC4B697AB265}.Release|x64.ActiveCfg = Release|Any CPU
		{90D01548-AC39-4C3A-99DF-DC4B697AB265}.Release|x64.Build.0 = Release|Any CPU
		{90D01548-AC39-4C3A-99DF-DC4B697AB265}.Release|x86.ActiveCfg = Release|Any CPU
		{90D01548-AC39-4C3A-99DF-DC4B697AB265}.Release|x86.Build.0 = Release|Any CPU
	EndGlobalSection
	GlobalSection(NestedProjects) = preSolution
		{52287A07-C0FA-410D-A220-340AE4DF9468} = {62550D92-1B12-43C1-9BCF-BEA71EAF9284}
		{71BC7A6B-2512-46CD-9EA8-84F5D8F4B10A} = {52287A07-C0FA-410D-A220-340AE4DF9468}
		{577D61C0-1377-4E27-936D-CF78504356BE} = {62550D92-1B12-43C1-9BCF-BEA71EAF9284}
		{701C94B8-7240-4E1A-BD6E-A36DC652032B} = {577D61C0-1377-4E27-936D-CF78504356BE}
		{E8BFC6A1-22AF-41B5-B90F-B8C0B94076DC} = {577D61C0-1377-4E27-936D-CF78504356BE}
		{6A728F96-BCEB-46B4-A85F-1CA52A739AA8} = {62550D92-1B12-43C1-9BCF-BEA71EAF9284}
		{3B41A41D-70E1-417E-A2EF-4B97EAFB2015} = {6A728F96-BCEB-46B4-A85F-1CA52A739AA8}
		{E2C162C1-6A66-4049-8F5E-A0E7697769F3} = {6A728F96-BCEB-46B4-A85F-1CA52A739AA8}
		{90D01548-AC39-4C3A-99DF-DC4B697AB265} = {6A728F96-BCEB-46B4-A85F-1CA52A739AA8}
	EndGlobalSection
EndGlobal
